
Microsoft Visual Studio Solution File, Format Version 12.00
# Visual Studio Version 17
VisualStudioVersion = 17.8.34309.116
MinimumVisualStudioVersion = 10.0.40219.1
Project("{9A19103F-16F7-4668-BE54-9A1E7A4F7556}") = "MuInStoreAPI", "MuInStoreAPI\MuInStoreAPI.csproj", "{2B2812FC-901C-4D2E-BE51-0A174EA77243}"
EndProject
Project("{9A19103F-16F7-4668-BE54-9A1E7A4F7556}") = "MuInMVC", "MuInMVC\MuInMVC.csproj", "{6FC74AFB-7565-4F8B-8275-626D89527C1E}"
EndProject
Project("{9A19103F-16F7-4668-BE54-9A1E7A4F7556}") = "MuInShared", "MuInShared\MuInShared.csproj", "{CD993E24-0BA9-4D08-A009-BE089E4C4375}"
EndProject
Project("{9A19103F-16F7-4668-BE54-9A1E7A4F7556}") = "MuInStore.Test", "MuInStore.Test\MuInStore.Test.csproj", "{20F54F9C-D150-4AA7-AA3D-8DB8867A1C77}"
EndProject
Global
	GlobalSection(SolutionConfigurationPlatforms) = preSolution
		Debug|Any CPU = Debug|Any CPU
		Release|Any CPU = Release|Any CPU
	EndGlobalSection
	GlobalSection(ProjectConfigurationPlatforms) = postSolution
		{2B2812FC-901C-4D2E-BE51-0A174EA77243}.Debug|Any CPU.ActiveCfg = Debug|Any CPU
		{2B2812FC-901C-4D2E-BE51-0A174EA77243}.Debug|Any CPU.Build.0 = Debug|Any CPU
		{2B2812FC-901C-4D2E-BE51-0A174EA77243}.Release|Any CPU.ActiveCfg = Release|Any CPU
		{2B2812FC-901C-4D2E-BE51-0A174EA77243}.Release|Any CPU.Build.0 = Release|Any CPU
		{6FC74AFB-7565-4F8B-8275-626D89527C1E}.Debug|Any CPU.ActiveCfg = Debug|Any CPU
		{6FC74AFB-7565-4F8B-8275-626D89527C1E}.Debug|Any CPU.Build.0 = Debug|Any CPU
		{6FC74AFB-7565-4F8B-8275-626D89527C1E}.Release|Any CPU.ActiveCfg = Release|Any CPU
		{6FC74AFB-7565-4F8B-8275-626D89527C1E}.Release|Any CPU.Build.0 = Release|Any CPU
		{CD993E24-0BA9-4D08-A009-BE089E4C4375}.Debug|Any CPU.ActiveCfg = Debug|Any CPU
		{CD993E24-0BA9-4D08-A009-BE089E4C4375}.Debug|Any CPU.Build.0 = Debug|Any CPU
		{CD993E24-0BA9-4D08-A009-BE089E4C4375}.Release|Any CPU.ActiveCfg = Release|Any CPU
		{CD993E24-0BA9-4D08-A009-BE089E4C4375}.Release|Any CPU.Build.0 = Release|Any CPU
		{20F54F9C-D150-4AA7-AA3D-8DB8867A1C77}.Debug|Any CPU.ActiveCfg = Debug|Any CPU
		{20F54F9C-D150-4AA7-AA3D-8DB8867A1C77}.Debug|Any CPU.Build.0 = Debug|Any CPU
		{20F54F9C-D150-4AA7-AA3D-8DB8867A1C77}.Release|Any CPU.ActiveCfg = Release|Any CPU
		{20F54F9C-D150-4AA7-AA3D-8DB8867A1C77}.Release|Any CPU.Build.0 = Release|Any CPU
	EndGlobalSection
	GlobalSection(SolutionProperties) = preSolution
		HideSolutionNode = FALSE
	EndGlobalSection
	GlobalSection(ExtensibilityGlobals) = postSolution
		SolutionGuid = {E271A48F-B910-4C1C-AAEE-E62A50DFED9C}
	EndGlobalSection
EndGlobal
